
Microsoft Visual Studio Solution File, Format Version 12.00
# Visual Studio Version 17
VisualStudioVersion = 17.3.32901.215
MinimumVisualStudioVersion = 10.0.40219.1
Project("{FAE04EC0-301F-11D3-BF4B-00C04F79EFBC}") = "HairSaloonAPI", "HairSaloonAPI\HairSaloonAPI.csproj", "{E71FED7B-15EE-42A3-A2D3-B7B1F190B1E0}"
EndProject
Global
	GlobalSection(SolutionConfigurationPlatforms) = preSolution
		Debug|Any CPU = Debug|Any CPU
		Release|Any CPU = Release|Any CPU
	EndGlobalSection
	GlobalSection(ProjectConfigurationPlatforms) = postSolution
		{E71FED7B-15EE-42A3-A2D3-B7B1F190B1E0}.Debug|Any CPU.ActiveCfg = Debug|Any CPU
		{E71FED7B-15EE-42A3-A2D3-B7B1F190B1E0}.Debug|Any CPU.Build.0 = Debug|Any CPU
		{E71FED7B-15EE-42A3-A2D3-B7B1F190B1E0}.Release|Any CPU.ActiveCfg = Release|Any CPU
		{E71FED7B-15EE-42A3-A2D3-B7B1F190B1E0}.Release|Any CPU.Build.0 = Release|Any CPU
	EndGlobalSection
	GlobalSection(SolutionProperties) = preSolution
		HideSolutionNode = FALSE
	EndGlobalSection
	GlobalSection(ExtensibilityGlobals) = postSolution
		SolutionGuid = {E5B36051-88CB-4C76-A766-131AFB23EC2F}
	EndGlobalSection
EndGlobal
